// !$*UTF8*$!
{
	archiveVersion = 1;
	classes = {
	};
	objectVersion = 77;
	objects = {

/* Begin PBXBuildFile section */
		C6A0782F2F042F9F006EFECF /* RevenueCat in Frameworks */ = {isa = PBXBuildFile; productRef = C6A0782E2F042F9F006EFECF /* RevenueCat */; };
		CE8B6E8E2ECB746300578B25 /* WidgetKit.framework in Frameworks */ = {isa = PBXBuildFile; fileRef = CE8B6E8D2ECB746300578B25 /* WidgetKit.framework */; };
		CE8B6E902ECB746300578B25 /* SwiftUI.framework in Frameworks */ = {isa = PBXBuildFile; fileRef = CE8B6E8F2ECB746300578B25 /* SwiftUI.framework */; };
		CE8B6E9D2ECB746500578B25 /* MycountdownWidgetsExtensionExtension.appex in Embed Foundation Extensions */ = {isa = PBXBuildFile; fileRef = CE8B6E8B2ECB746300578B25 /* MycountdownWidgetsExtensionExtension.appex */; settings = {ATTRIBUTES = (RemoveHeadersOnCopy, ); }; };
/* End PBXBuildFile section */

/* Begin PBXContainerItemProxy section */
		CE8B6E9B2ECB746500578B25 /* PBXContainerItemProxy */ = {
			isa = PBXContainerItemProxy;
			containerPortal = C2CAED0F2EB3CA320006A2EC /* Project object */;
			proxyType = 1;
			remoteGlobalIDString = CE8B6E8A2ECB746300578B25;
			remoteInfo = MycountdownWidgetsExtensionExtension;
		};
/* End PBXContainerItemProxy section */

/* Begin PBXCopyFilesBuildPhase section */
		CE8B6EA22ECB746500578B25 /* Embed Foundation Extensions */ = {
			isa = PBXCopyFilesBuildPhase;
			buildActionMask = 2147483647;
			dstPath = "";
			dstSubfolderSpec = 13;
			files = (
				CE8B6E9D2ECB746500578B25 /* MycountdownWidgetsExtensionExtension.appex in Embed Foundation Extensions */,
			);
			name = "Embed Foundation Extensions";
			runOnlyForDeploymentPostprocessing = 0;
		};
/* End PBXCopyFilesBuildPhase section */

/* Begin PBXFileReference section */
		C2CAED172EB3CA320006A2EC /* Mycountdown.app */ = {isa = PBXFileReference; explicitFileType = wrapper.application; includeInIndex = 0; path = Mycountdown.app; sourceTree = BUILT_PRODUCTS_DIR; };
		CE8B6E8B2ECB746300578B25 /* MycountdownWidgetsExtensionExtension.appex */ = {isa = PBXFileReference; explicitFileType = "wrapper.app-extension"; includeInIndex = 0; path = MycountdownWidgetsExtensionExtension.appex; sourceTree = BUILT_PRODUCTS_DIR; };
		CE8B6E8D2ECB746300578B25 /* WidgetKit.framework */ = {isa = PBXFileReference; lastKnownFileType = wrapper.framework; name = WidgetKit.framework; path = System/Library/Frameworks/WidgetKit.framework; sourceTree = SDKROOT; };
		CE8B6E8F2ECB746300578B25 /* SwiftUI.framework */ = {isa = PBXFileReference; lastKnownFileType = wrapper.framework; name = SwiftUI.framework; path = System/Library/Frameworks/SwiftUI.framework; sourceTree = SDKROOT; };
		CE8B6EA32ECB74C300578B25 /* MycountdownWidgetsExtensionExtension.entitlements */ = {isa = PBXFileReference; lastKnownFileType = text.plist.entitlements; path = MycountdownWidgetsExtensionExtension.entitlements; sourceTree = "<group>"; };
/* End PBXFileReference section */

/* Begin PBXFileSystemSynchronizedBuildFileExceptionSet section */
		CE7801302ECDEE2400BBC9DE /* Exceptions for "Mycountdown" folder in "Mycountdown" target */ = {
			isa = PBXFileSystemSynchronizedBuildFileExceptionSet;
			membershipExceptions = (
				Info.plist,
			);
			target = C2CAED162EB3CA320006A2EC /* Mycountdown */;
		};
		CE8B6E9E2ECB746500578B25 /* Exceptions for "MycountdownWidgetsExtension" folder in "MycountdownWidgetsExtensionExtension" target */ = {
			isa = PBXFileSystemSynchronizedBuildFileExceptionSet;
			membershipExceptions = (
				Info.plist,
			);
			target = CE8B6E8A2ECB746300578B25 /* MycountdownWidgetsExtensionExtension */;
		};
		CE8B6EA52ECB8F1F00578B25 /* Exceptions for "Mycountdown" folder in "MycountdownWidgetsExtensionExtension" target */ = {
			isa = PBXFileSystemSynchronizedBuildFileExceptionSet;
			membershipExceptions = (
				"/Localized: Localizable.strings",
				Assets.xcassets,
				Extensions/String.swift,
				Models/Countdown.swift,
				Services/StoreKitConfig.storekit,
			);
			target = CE8B6E8A2ECB746300578B25 /* MycountdownWidgetsExtensionExtension */;
		};
/* End PBXFileSystemSynchronizedBuildFileExceptionSet section */

/* Begin PBXFileSystemSynchronizedRootGroup section */
		C2CAED192EB3CA320006A2EC /* Mycountdown */ = {
			isa = PBXFileSystemSynchronizedRootGroup;
			exceptions = (
				CE7801302ECDEE2400BBC9DE /* Exceptions for "Mycountdown" folder in "Mycountdown" target */,
				CE8B6EA52ECB8F1F00578B25 /* Exceptions for "Mycountdown" folder in "MycountdownWidgetsExtensionExtension" target */,
			);
			path = Mycountdown;
			sourceTree = "<group>";
		};
		CE8B6E912ECB746300578B25 /* MycountdownWidgetsExtension */ = {
			isa = PBXFileSystemSynchronizedRootGroup;
			exceptions = (
				CE8B6E9E2ECB746500578B25 /* Exceptions for "MycountdownWidgetsExtension" folder in "MycountdownWidgetsExtensionExtension" target */,
			);
			path = MycountdownWidgetsExtension;
			sourceTree = "<group>";
		};
/* End PBXFileSystemSynchronizedRootGroup section */

/* Begin PBXFrameworksBuildPhase section */
		C2CAED142EB3CA320006A2EC /* Frameworks */ = {
			isa = PBXFrameworksBuildPhase;
			buildActionMask = 2147483647;
			files = (
				C6A0782F2F042F9F006EFECF /* RevenueCat in Frameworks */,
			);
			runOnlyForDeploymentPostprocessing = 0;
		};
		CE8B6E882ECB746300578B25 /* Frameworks */ = {
			isa = PBXFrameworksBuildPhase;
			buildActionMask = 2147483647;
			files = (
				CE8B6E902ECB746300578B25 /* SwiftUI.framework in Frameworks */,
				CE8B6E8E2ECB746300578B25 /* WidgetKit.framework in Frameworks */,
			);
			runOnlyForDeploymentPostprocessing = 0;
		};
/* End PBXFrameworksBuildPhase section */

/* Begin PBXGroup section */
		C2CAED0E2EB3CA320006A2EC = {
			isa = PBXGroup;
			children = (
				CE8B6EA32ECB74C300578B25 /* MycountdownWidgetsExtensionExtension.entitlements */,
				C2CAED192EB3CA320006A2EC /* Mycountdown */,
				CE8B6E912ECB746300578B25 /* MycountdownWidgetsExtension */,
				CE8B6E8C2ECB746300578B25 /* Frameworks */,
				C2CAED182EB3CA320006A2EC /* Products */,
			);
			sourceTree = "<group>";
		};
		C2CAED182EB3CA320006A2EC /* Products */ = {
			isa = PBXGroup;
			children = (
				C2CAED172EB3CA320006A2EC /* Mycountdown.app */,
				CE8B6E8B2ECB746300578B25 /* MycountdownWidgetsExtensionExtension.appex */,
			);
			name = Products;
			sourceTree = "<group>";
		};
		CE8B6E8C2ECB746300578B25 /* Frameworks */ = {
			isa = PBXGroup;
			children = (
				CE8B6E8D2ECB746300578B25 /* WidgetKit.framework */,
				CE8B6E8F2ECB746300578B25 /* SwiftUI.framework */,
			);
			name = Frameworks;
			sourceTree = "<group>";
		};
/* End PBXGroup section */

/* Begin PBXNativeTarget section */
		C2CAED162EB3CA320006A2EC /* Mycountdown */ = {
			isa = PBXNativeTarget;
			buildConfigurationList = C2CAED252EB3CA360006A2EC /* Build configuration list for PBXNativeTarget "Mycountdown" */;
			buildPhases = (
				C2CAED132EB3CA320006A2EC /* Sources */,
				C2CAED142EB3CA320006A2EC /* Frameworks */,
				C2CAED152EB3CA320006A2EC /* Resources */,
				CE8B6EA22ECB746500578B25 /* Embed Foundation Extensions */,
			);
			buildRules = (
			);
			dependencies = (
				CE8B6E9C2ECB746500578B25 /* PBXTargetDependency */,
			);
			fileSystemSynchronizedGroups = (
				C2CAED192EB3CA320006A2EC /* Mycountdown */,
			);
			name = Mycountdown;
			packageProductDependencies = (
				C6A0782E2F042F9F006EFECF /* RevenueCat */,
			);
			productName = Mycountdown;
			productReference = C2CAED172EB3CA320006A2EC /* Mycountdown.app */;
			productType = "com.apple.product-type.application";
		};
		CE8B6E8A2ECB746300578B25 /* MycountdownWidgetsExtensionExtension */ = {
			isa = PBXNativeTarget;
			buildConfigurationList = CE8B6E9F2ECB746500578B25 /* Build configuration list for PBXNativeTarget "MycountdownWidgetsExtensionExtension" */;
			buildPhases = (
				CE8B6E872ECB746300578B25 /* Sources */,
				CE8B6E882ECB746300578B25 /* Frameworks */,
				CE8B6E892ECB746300578B25 /* Resources */,
			);
			buildRules = (
			);
			dependencies = (
			);
			fileSystemSynchronizedGroups = (
				CE8B6E912ECB746300578B25 /* MycountdownWidgetsExtension */,
			);
			name = MycountdownWidgetsExtensionExtension;
			packageProductDependencies = (
			);
			productName = MycountdownWidgetsExtensionExtension;
			productReference = CE8B6E8B2ECB746300578B25 /* MycountdownWidgetsExtensionExtension.appex */;
			productType = "com.apple.product-type.app-extension";
		};
/* End PBXNativeTarget section */

/* Begin PBXProject section */
		C2CAED0F2EB3CA320006A2EC /* Project object */ = {
			isa = PBXProject;
			attributes = {
				BuildIndependentTargetsInParallel = 1;
				LastSwiftUpdateCheck = 2600;
				LastUpgradeCheck = 2620;
				TargetAttributes = {
					C2CAED162EB3CA320006A2EC = {
						CreatedOnToolsVersion = 16.0;
					};
					CE8B6E8A2ECB746300578B25 = {
						CreatedOnToolsVersion = 26.0.1;
					};
				};
			};
			buildConfigurationList = C2CAED122EB3CA320006A2EC /* Build configuration list for PBXProject "Mycountdown" */;
			developmentRegion = en;
			hasScannedForEncodings = 0;
			knownRegions = (
				en,
				fr,
				Base,
			);
			mainGroup = C2CAED0E2EB3CA320006A2EC;
			minimizedProjectReferenceProxies = 1;
			packageReferences = (
				C6A0782D2F042F9E006EFECF /* XCRemoteSwiftPackageReference "purchases-ios-spm" */,
			);
			preferredProjectObjectVersion = 77;
			productRefGroup = C2CAED182EB3CA320006A2EC /* Products */;
			projectDirPath = "";
			projectRoot = "";
			targets = (
				C2CAED162EB3CA320006A2EC /* Mycountdown */,
				CE8B6E8A2ECB746300578B25 /* MycountdownWidgetsExtensionExtension */,
			);
		};
/* End PBXProject section */

/* Begin PBXResourcesBuildPhase section */
		C2CAED152EB3CA320006A2EC /* Resources */ = {
			isa = PBXResourcesBuildPhase;
			buildActionMask = 2147483647;
			files = (
			);
			runOnlyForDeploymentPostprocessing = 0;
		};
		CE8B6E892ECB746300578B25 /* Resources */ = {
			isa = PBXResourcesBuildPhase;
			buildActionMask = 2147483647;
			files = (
			);
			runOnlyForDeploymentPostprocessing = 0;
		};
/* End PBXResourcesBuildPhase section */

/* Begin PBXSourcesBuildPhase section */
		C2CAED132EB3CA320006A2EC /* Sources */ = {
			isa = PBXSourcesBuildPhase;
			buildActionMask = 2147483647;
			files = (
			);
			runOnlyForDeploymentPostprocessing = 0;
		};
		CE8B6E872ECB746300578B25 /* Sources */ = {
			isa = PBXSourcesBuildPhase;
			buildActionMask = 2147483647;
			files = (
			);
			runOnlyForDeploymentPostprocessing = 0;
		};
/* End PBXSourcesBuildPhase section */

/* Begin PBXTargetDependency section */
		CE8B6E9C2ECB746500578B25 /* PBXTargetDependency */ = {
			isa = PBXTargetDependency;
			target = CE8B6E8A2ECB746300578B25 /* MycountdownWidgetsExtensionExtension */;
			targetProxy = CE8B6E9B2ECB746500578B25 /* PBXContainerItemProxy */;
		};
/* End PBXTargetDependency section */

/* Begin XCBuildConfiguration section */
		C2CAED232EB3CA360006A2EC /* Debug */ = {
			isa = XCBuildConfiguration;
			buildSettings = {
				ALWAYS_SEARCH_USER_PATHS = NO;
				ASSETCATALOG_COMPILER_GENERATE_SWIFT_ASSET_SYMBOL_EXTENSIONS = YES;
				CLANG_ANALYZER_LOCALIZABILITY_NONLOCALIZED = YES;
				CLANG_ANALYZER_NONNULL = YES;
				CLANG_ANALYZER_NUMBER_OBJECT_CONVERSION = YES_AGGRESSIVE;
				CLANG_CXX_LANGUAGE_STANDARD = "gnu++20";
				CLANG_ENABLE_MODULES = YES;
				CLANG_ENABLE_OBJC_ARC = YES;
				CLANG_ENABLE_OBJC_WEAK = YES;
				CLANG_WARN_BLOCK_CAPTURE_AUTORELEASING = YES;
				CLANG_WARN_BOOL_CONVERSION = YES;
				CLANG_WARN_COMMA = YES;
				CLANG_WARN_CONSTANT_CONVERSION = YES;
				CLANG_WARN_DEPRECATED_OBJC_IMPLEMENTATIONS = YES;
				CLANG_WARN_DIRECT_OBJC_ISA_USAGE = YES_ERROR;
				CLANG_WARN_DOCUMENTATION_COMMENTS = YES;
				CLANG_WARN_EMPTY_BODY = YES;
				CLANG_WARN_ENUM_CONVERSION = YES;
				CLANG_WARN_INFINITE_RECURSION = YES;
				CLANG_WARN_INT_CONVERSION = YES;
				CLANG_WARN_NON_LITERAL_NULL_CONVERSION = YES;
				CLANG_WARN_OBJC_IMPLICIT_RETAIN_SELF = YES;
				CLANG_WARN_OBJC_LITERAL_CONVERSION = YES;
				CLANG_WARN_OBJC_ROOT_CLASS = YES_ERROR;
				CLANG_WARN_QUOTED_INCLUDE_IN_FRAMEWORK_HEADER = YES;
				CLANG_WARN_RANGE_LOOP_ANALYSIS = YES;
				CLANG_WARN_STRICT_PROTOTYPES = YES;
				CLANG_WARN_SUSPICIOUS_MOVE = YES;
				CLANG_WARN_UNGUARDED_AVAILABILITY = YES_AGGRESSIVE;
				CLANG_WARN_UNREACHABLE_CODE = YES;
				CLANG_WARN__DUPLICATE_METHOD_MATCH = YES;
				COPY_PHASE_STRIP = NO;
				DEBUG_INFORMATION_FORMAT = dwarf;
				DEVELOPMENT_TEAM = 5UWP44G6Q6;
				ENABLE_STRICT_OBJC_MSGSEND = YES;
				ENABLE_TESTABILITY = YES;
				ENABLE_USER_SCRIPT_SANDBOXING = YES;
				GCC_C_LANGUAGE_STANDARD = gnu17;
				GCC_DYNAMIC_NO_PIC = NO;
				GCC_NO_COMMON_BLOCKS = YES;
				GCC_OPTIMIZATION_LEVEL = 0;
				GCC_PREPROCESSOR_DEFINITIONS = (
					"DEBUG=1",
					"$(inherited)",
				);
				GCC_WARN_64_TO_32_BIT_CONVERSION = YES;
				GCC_WARN_ABOUT_RETURN_TYPE = YES_ERROR;
				GCC_WARN_UNDECLARED_SELECTOR = YES;
				GCC_WARN_UNINITIALIZED_AUTOS = YES_AGGRESSIVE;
				GCC_WARN_UNUSED_FUNCTION = YES;
				GCC_WARN_UNUSED_VARIABLE = YES;
				IPHONEOS_DEPLOYMENT_TARGET = 18.0;
				LOCALIZATION_PREFERS_STRING_CATALOGS = YES;
				MTL_ENABLE_DEBUG_INFO = INCLUDE_SOURCE;
				MTL_FAST_MATH = YES;
				ONLY_ACTIVE_ARCH = YES;
				SDKROOT = iphoneos;
				STRING_CATALOG_GENERATE_SYMBOLS = YES;
				SWIFT_ACTIVE_COMPILATION_CONDITIONS = "DEBUG $(inherited)";
				SWIFT_OPTIMIZATION_LEVEL = "-Onone";
			};
			name = Debug;
		};
		C2CAED242EB3CA360006A2EC /* Release */ = {
			isa = XCBuildConfiguration;
			buildSettings = {
				ALWAYS_SEARCH_USER_PATHS = NO;
				ASSETCATALOG_COMPILER_GENERATE_SWIFT_ASSET_SYMBOL_EXTENSIONS = YES;
				CLANG_ANALYZER_LOCALIZABILITY_NONLOCALIZED = YES;
				CLANG_ANALYZER_NONNULL = YES;
				CLANG_ANALYZER_NUMBER_OBJECT_CONVERSION = YES_AGGRESSIVE;
				CLANG_CXX_LANGUAGE_STANDARD = "gnu++20";
				CLANG_ENABLE_MODULES = YES;
				CLANG_ENABLE_OBJC_ARC = YES;
				CLANG_ENABLE_OBJC_WEAK = YES;
				CLANG_WARN_BLOCK_CAPTURE_AUTORELEASING = YES;
				CLANG_WARN_BOOL_CONVERSION = YES;
				CLANG_WARN_COMMA = YES;
				CLANG_WARN_CONSTANT_CONVERSION = YES;
				CLANG_WARN_DEPRECATED_OBJC_IMPLEMENTATIONS = YES;
				CLANG_WARN_DIRECT_OBJC_ISA_USAGE = YES_ERROR;
				CLANG_WARN_DOCUMENTATION_COMMENTS = YES;
				CLANG_WARN_EMPTY_BODY = YES;
				CLANG_WARN_ENUM_CONVERSION = YES;
				CLANG_WARN_INFINITE_RECURSION = YES;
				CLANG_WARN_INT_CONVERSION = YES;
				CLANG_WARN_NON_LITERAL_NULL_CONVERSION = YES;
				CLANG_WARN_OBJC_IMPLICIT_RETAIN_SELF = YES;
				CLANG_WARN_OBJC_LITERAL_CONVERSION = YES;
				CLANG_WARN_OBJC_ROOT_CLASS = YES_ERROR;
				CLANG_WARN_QUOTED_INCLUDE_IN_FRAMEWORK_HEADER = YES;
				CLANG_WARN_RANGE_LOOP_ANALYSIS = YES;
				CLANG_WARN_STRICT_PROTOTYPES = YES;
				CLANG_WARN_SUSPICIOUS_MOVE = YES;
				CLANG_WARN_UNGUARDED_AVAILABILITY = YES_AGGRESSIVE;
				CLANG_WARN_UNREACHABLE_CODE = YES;
				CLANG_WARN__DUPLICATE_METHOD_MATCH = YES;
				COPY_PHASE_STRIP = NO;
				DEBUG_INFORMATION_FORMAT = "dwarf-with-dsym";
				DEVELOPMENT_TEAM = 5UWP44G6Q6;
				ENABLE_NS_ASSERTIONS = NO;
				ENABLE_STRICT_OBJC_MSGSEND = YES;
				ENABLE_USER_SCRIPT_SANDBOXING = YES;
				GCC_C_LANGUAGE_STANDARD = gnu17;
				GCC_NO_COMMON_BLOCKS = YES;
				GCC_WARN_64_TO_32_BIT_CONVERSION = YES;
				GCC_WARN_ABOUT_RETURN_TYPE = YES_ERROR;
				GCC_WARN_UNDECLARED_SELECTOR = YES;
				GCC_WARN_UNINITIALIZED_AUTOS = YES_AGGRESSIVE;
				GCC_WARN_UNUSED_FUNCTION = YES;
				GCC_WARN_UNUSED_VARIABLE = YES;
				IPHONEOS_DEPLOYMENT_TARGET = 18.0;
				LOCALIZATION_PREFERS_STRING_CATALOGS = YES;
				MTL_ENABLE_DEBUG_INFO = NO;
				MTL_FAST_MATH = YES;
				SDKROOT = iphoneos;
				STRING_CATALOG_GENERATE_SYMBOLS = YES;
				SWIFT_COMPILATION_MODE = wholemodule;
				VALIDATE_PRODUCT = YES;
			};
			name = Release;
		};
		C2CAED262EB3CA360006A2EC /* Debug */ = {
			isa = XCBuildConfiguration;
			buildSettings = {
				ASSETCATALOG_COMPILER_APPICON_NAME = AppIcon;
				ASSETCATALOG_COMPILER_GLOBAL_ACCENT_COLOR_NAME = AccentColor;
				CODE_SIGN_ENTITLEMENTS = Mycountdown/Mycountdown.entitlements;
				CODE_SIGN_IDENTITY = "Apple Development";
				CODE_SIGN_STYLE = Automatic;
				CURRENT_PROJECT_VERSION = 46;
				DEVELOPMENT_ASSET_PATHS = "\"Mycountdown/Preview Content\"";
				DEVELOPMENT_TEAM = 9BR9HH6Q9K;
				ENABLE_PREVIEWS = YES;
				GENERATE_INFOPLIST_FILE = YES;
				INFOPLIST_FILE = Mycountdown/Info.plist;
				INFOPLIST_KEY_CFBundleDisplayName = MyCountdown;
				INFOPLIST_KEY_NSCalendarsFullAccessUsageDescription = "MyCountdown need access to your calendar to import events as countdowns";
				INFOPLIST_KEY_UIApplicationSceneManifest_Generation = YES;
				INFOPLIST_KEY_UIApplicationSupportsIndirectInputEvents = YES;
				INFOPLIST_KEY_UILaunchStoryboardName = LaunchScreen;
				INFOPLIST_KEY_UISupportedInterfaceOrientations = UIInterfaceOrientationPortrait;
				INFOPLIST_KEY_UISupportedInterfaceOrientations_iPad = "UIInterfaceOrientationLandscapeLeft UIInterfaceOrientationLandscapeRight UIInterfaceOrientationPortrait UIInterfaceOrientationPortraitUpsideDown";
				LD_RUNPATH_SEARCH_PATHS = (
					"$(inherited)",
					"@executable_path/Frameworks",
				);
				MARKETING_VERSION = 1.0.7;
				PRODUCT_BUNDLE_IDENTIFIER = com.aliang;
				PRODUCT_NAME = "$(TARGET_NAME)";
				PROVISIONING_PROFILE_SPECIFIER = "";
				SUPPORTED_PLATFORMS = "iphoneos iphonesimulator";
				SUPPORTS_MACCATALYST = NO;
				SUPPORTS_MAC_DESIGNED_FOR_IPHONE_IPAD = NO;
				SUPPORTS_XR_DESIGNED_FOR_IPHONE_IPAD = NO;
				SWIFT_EMIT_LOC_STRINGS = YES;
				SWIFT_VERSION = 5.0;
				TARGETED_DEVICE_FAMILY = "1,2";
			};
			name = Debug;
		};
		C2CAED272EB3CA360006A2EC /* Release */ = {
			isa = XCBuildConfiguration;
			buildSettings = {
				ASSETCATALOG_COMPILER_APPICON_NAME = AppIcon;
				ASSETCATALOG_COMPILER_GLOBAL_ACCENT_COLOR_NAME = AccentColor;
				CODE_SIGN_ENTITLEMENTS = Mycountdown/Mycountdown.entitlements;
				CODE_SIGN_IDENTITY = "Apple Development";
				CODE_SIGN_STYLE = Automatic;
				CURRENT_PROJECT_VERSION = 46;
				DEVELOPMENT_ASSET_PATHS = "\"Mycountdown/Preview Content\"";
				DEVELOPMENT_TEAM = 9BR9HH6Q9K;
				ENABLE_PREVIEWS = YES;
				GENERATE_INFOPLIST_FILE = YES;
				INFOPLIST_FILE = Mycountdown/Info.plist;
				INFOPLIST_KEY_CFBundleDisplayName = MyCountdown;
				INFOPLIST_KEY_NSCalendarsFullAccessUsageDescription = "MyCountdown need access to your calendar to import events as countdowns";
				INFOPLIST_KEY_UIApplicationSceneManifest_Generation = YES;
				INFOPLIST_KEY_UIApplicationSupportsIndirectInputEvents = YES;
				INFOPLIST_KEY_UILaunchStoryboardName = LaunchScreen;
				INFOPLIST_KEY_UISupportedInterfaceOrientations = UIInterfaceOrientationPortrait;
				INFOPLIST_KEY_UISupportedInterfaceOrientations_iPad = "UIInterfaceOrientationLandscapeLeft UIInterfaceOrientationLandscapeRight UIInterfaceOrientationPortrait UIInterfaceOrientationPortraitUpsideDown";
				LD_RUNPATH_SEARCH_PATHS = (
					"$(inherited)",
					"@executable_path/Frameworks",
				);
				MARKETING_VERSION = 1.0.7;
				PRODUCT_BUNDLE_IDENTIFIER = com.aliang;
				PRODUCT_NAME = "$(TARGET_NAME)";
				PROVISIONING_PROFILE_SPECIFIER = "";
				SUPPORTED_PLATFORMS = "iphoneos iphonesimulator";
				SUPPORTS_MACCATALYST = NO;
				SUPPORTS_MAC_DESIGNED_FOR_IPHONE_IPAD = NO;
				SUPPORTS_XR_DESIGNED_FOR_IPHONE_IPAD = NO;
				SWIFT_EMIT_LOC_STRINGS = YES;
				SWIFT_VERSION = 5.0;
				TARGETED_DEVICE_FAMILY = "1,2";
			};
			name = Release;
		};
		CE8B6EA02ECB746500578B25 /* Debug */ = {
			isa = XCBuildConfiguration;
			buildSettings = {
				ASSETCATALOG_COMPILER_GLOBAL_ACCENT_COLOR_NAME = AccentColor;
				ASSETCATALOG_COMPILER_WIDGET_BACKGROUND_COLOR_NAME = WidgetBackground;
				CODE_SIGN_ENTITLEMENTS = MycountdownWidgetsExtensionExtension.entitlements;
				CODE_SIGN_STYLE = Automatic;
				CURRENT_PROJECT_VERSION = 46;
				DEVELOPMENT_TEAM = 9BR9HH6Q9K;
				GENERATE_INFOPLIST_FILE = YES;
				INFOPLIST_FILE = MycountdownWidgetsExtension/Info.plist;
				INFOPLIST_KEY_CFBundleDisplayName = MycountdownWidgetsExtension;
				INFOPLIST_KEY_NSHumanReadableCopyright = "";
				IPHONEOS_DEPLOYMENT_TARGET = 18.0;
				LD_RUNPATH_SEARCH_PATHS = (
					"$(inherited)",
					"@executable_path/Frameworks",
					"@executable_path/../../Frameworks",
				);
				MARKETING_VERSION = 1.0.7;
				PRODUCT_BUNDLE_IDENTIFIER = com.aliang.MycountdownWidgetsExtension;
				PRODUCT_NAME = "$(TARGET_NAME)";
				SKIP_INSTALL = YES;
				STRING_CATALOG_GENERATE_SYMBOLS = YES;
				SWIFT_APPROACHABLE_CONCURRENCY = YES;
				SWIFT_EMIT_LOC_STRINGS = YES;
				SWIFT_UPCOMING_FEATURE_MEMBER_IMPORT_VISIBILITY = YES;
				SWIFT_VERSION = 5.0;
				TARGETED_DEVICE_FAMILY = "1,2";
			};
			name = Debug;
		};
		CE8B6EA12ECB746500578B25 /* Release */ = {
			isa = XCBuildConfiguration;
			buildSettings = {
				ASSETCATALOG_COMPILER_GLOBAL_ACCENT_COLOR_NAME = AccentColor;
				ASSETCATALOG_COMPILER_WIDGET_BACKGROUND_COLOR_NAME = WidgetBackground;
				CODE_SIGN_ENTITLEMENTS = MycountdownWidgetsExtensionExtension.entitlements;
				CODE_SIGN_STYLE = Automatic;
				CURRENT_PROJECT_VERSION = 46;
				DEVELOPMENT_TEAM = 9BR9HH6Q9K;
				GENERATE_INFOPLIST_FILE = YES;
				INFOPLIST_FILE = MycountdownWidgetsExtension/Info.plist;
				INFOPLIST_KEY_CFBundleDisplayName = MycountdownWidgetsExtension;
				INFOPLIST_KEY_NSHumanReadableCopyright = "";
				IPHONEOS_DEPLOYMENT_TARGET = 18.0;
				LD_RUNPATH_SEARCH_PATHS = (
					"$(inherited)",
					"@executable_path/Frameworks",
					"@executable_path/../../Frameworks",
				);
				MARKETING_VERSION = 1.0.7;
				PRODUCT_BUNDLE_IDENTIFIER = com.aliang.MycountdownWidgetsExtension;
				PRODUCT_NAME = "$(TARGET_NAME)";
				SKIP_INSTALL = YES;
				STRING_CATALOG_GENERATE_SYMBOLS = YES;
				SWIFT_APPROACHABLE_CONCURRENCY = YES;
				SWIFT_EMIT_LOC_STRINGS = YES;
				SWIFT_UPCOMING_FEATURE_MEMBER_IMPORT_VISIBILITY = YES;
				SWIFT_VERSION = 5.0;
				TARGETED_DEVICE_FAMILY = "1,2";
			};
			name = Release;
		};
/* End XCBuildConfiguration section */

/* Begin XCConfigurationList section */
		C2CAED122EB3CA320006A2EC /* Build configuration list for PBXProject "Mycountdown" */ = {
			isa = XCConfigurationList;
			buildConfigurations = (
				C2CAED232EB3CA360006A2EC /* Debug */,
				C2CAED242EB3CA360006A2EC /* Release */,
			);
			defaultConfigurationIsVisible = 0;
			defaultConfigurationName = Release;
		};
		C2CAED252EB3CA360006A2EC /* Build configuration list for PBXNativeTarget "Mycountdown" */ = {
			isa = XCConfigurationList;
			buildConfigurations = (
				C2CAED262EB3CA360006A2EC /* Debug */,
				C2CAED272EB3CA360006A2EC /* Release */,
			);
			defaultConfigurationIsVisible = 0;
			defaultConfigurationName = Release;
		};
		CE8B6E9F2ECB746500578B25 /* Build configuration list for PBXNativeTarget "MycountdownWidgetsExtensionExtension" */ = {
			isa = XCConfigurationList;
			buildConfigurations = (
				CE8B6EA02ECB746500578B25 /* Debug */,
				CE8B6EA12ECB746500578B25 /* Release */,
			);
			defaultConfigurationIsVisible = 0;
			defaultConfigurationName = Release;
		};
/* End XCConfigurationList section */

/* Begin XCRemoteSwiftPackageReference section */
		C6A0782D2F042F9E006EFECF /* XCRemoteSwiftPackageReference "purchases-ios-spm" */ = {
			isa = XCRemoteSwiftPackageReference;
			repositoryURL = "https://github.com/RevenueCat/purchases-ios-spm";
			requirement = {
				kind = upToNextMajorVersion;
				minimumVersion = 5.52.0;
			};
		};
/* End XCRemoteSwiftPackageReference section */

/* Begin XCSwiftPackageProductDependency section */
		C6A0782E2F042F9F006EFECF /* RevenueCat */ = {
			isa = XCSwiftPackageProductDependency;
			package = C6A0782D2F042F9E006EFECF /* XCRemoteSwiftPackageReference "purchases-ios-spm" */;
			productName = RevenueCat;
		};
/* End XCSwiftPackageProductDependency section */
	};
	rootObject = C2CAED0F2EB3CA320006A2EC /* Project object */;
}
